// !$*UTF8*$!
{
	archiveVersion = 1;
	classes = {
	};
	objectVersion = 55;
	objects = {

/* Begin PBXBuildFile section */
		0499E72C2A03E2380097BA1B /* NetworkReachability.swift in Sources */ = {isa = PBXBuildFile; fileRef = 0499E72B2A03E2380097BA1B /* NetworkReachability.swift */; };
		049C99FE29FF041C00EA5C23 /* ColorKit in Frameworks */ = {isa = PBXBuildFile; productRef = 049C99FD29FF041C00EA5C23 /* ColorKit */; };
		04DA2C322970C5230009920A /* GoogleService-Info.plist in Resources */ = {isa = PBXBuildFile; fileRef = 04DA2C312970C5230009920A /* GoogleService-Info.plist */; };
		04DA2C342971B5FE0009920A /* RegistrationViewModel.swift in Sources */ = {isa = PBXBuildFile; fileRef = 04DA2C332971B5FE0009920A /* RegistrationViewModel.swift */; };
		04EAA7002986FD5C0026E5EF /* ProfileViewController.swift in Sources */ = {isa = PBXBuildFile; fileRef = 04EAA6FF2986FD5C0026E5EF /* ProfileViewController.swift */; };
		04EAA7032987007C0026E5EF /* HomeViewModel.swift in Sources */ = {isa = PBXBuildFile; fileRef = 04EAA7022987007C0026E5EF /* HomeViewModel.swift */; };
		04EAA7072987043D0026E5EF /* UpcommingViewModel.swift in Sources */ = {isa = PBXBuildFile; fileRef = 04EAA7062987043D0026E5EF /* UpcommingViewModel.swift */; };
		04EAA70B298705680026E5EF /* SearchViewModel.swift in Sources */ = {isa = PBXBuildFile; fileRef = 04EAA70A298705680026E5EF /* SearchViewModel.swift */; };
		04EAA70F2987074F0026E5EF /* DownloadsViewModel.swift in Sources */ = {isa = PBXBuildFile; fileRef = 04EAA70E2987074F0026E5EF /* DownloadsViewModel.swift */; };
		873D901C28D628AA007C5CF6 /* UpcomingTableViewCell.swift in Sources */ = {isa = PBXBuildFile; fileRef = 873D901B28D628A9007C5CF6 /* UpcomingTableViewCell.swift */; };
		873D901E28D62E1D007C5CF6 /* TitleViewModel.swift in Sources */ = {isa = PBXBuildFile; fileRef = 873D901D28D62E1D007C5CF6 /* TitleViewModel.swift */; };
		874057BA28BD021B0068A07D /* HomeScreenPosterCollectionViewCell.swift in Sources */ = {isa = PBXBuildFile; fileRef = 874057B928BD021B0068A07D /* HomeScreenPosterCollectionViewCell.swift */; };
		874991E328A92A2500F9ED0C /* AppDelegate.swift in Sources */ = {isa = PBXBuildFile; fileRef = 874991E228A92A2500F9ED0C /* AppDelegate.swift */; };
		874991E528A92A2500F9ED0C /* SceneDelegate.swift in Sources */ = {isa = PBXBuildFile; fileRef = 874991E428A92A2500F9ED0C /* SceneDelegate.swift */; };
		874991EC28A92A2800F9ED0C /* Assets.xcassets in Resources */ = {isa = PBXBuildFile; fileRef = 874991EB28A92A2800F9ED0C /* Assets.xcassets */; };
		874991EF28A92A2800F9ED0C /* LaunchScreen.storyboard in Resources */ = {isa = PBXBuildFile; fileRef = 874991ED28A92A2800F9ED0C /* LaunchScreen.storyboard */; };
		874991F828A9386E00F9ED0C /* HomeViewController.swift in Sources */ = {isa = PBXBuildFile; fileRef = 874991F728A9386E00F9ED0C /* HomeViewController.swift */; };
		874991FA28A938BD00F9ED0C /* UpcomingViewController.swift in Sources */ = {isa = PBXBuildFile; fileRef = 874991F928A938BD00F9ED0C /* UpcomingViewController.swift */; };
		874991FC28A938EF00F9ED0C /* SearchViewController.swift in Sources */ = {isa = PBXBuildFile; fileRef = 874991FB28A938EF00F9ED0C /* SearchViewController.swift */; };
		874991FE28A9398600F9ED0C /* DownloadsViewController.swift in Sources */ = {isa = PBXBuildFile; fileRef = 874991FD28A9398600F9ED0C /* DownloadsViewController.swift */; };
		878E060E28AC03D90050E555 /* HomeViewController + DataSource.swift in Sources */ = {isa = PBXBuildFile; fileRef = 878E060D28AC03D80050E555 /* HomeViewController + DataSource.swift */; };
		879B35AC28AEBA6700859614 /* NetworkManager.swift in Sources */ = {isa = PBXBuildFile; fileRef = 879B35AB28AEBA6700859614 /* NetworkManager.swift */; };
		879B35AE28AEBDED00859614 /* TitleModel.swift in Sources */ = {isa = PBXBuildFile; fileRef = 879B35AD28AEBDED00859614 /* TitleModel.swift */; };
		879F138028A94C1B003EFFA0 /* HomeViewTableViewCell.swift in Sources */ = {isa = PBXBuildFile; fileRef = 879F137F28A94C1B003EFFA0 /* HomeViewTableViewCell.swift */; };
		879F138428A95663003EFFA0 /* HeroHeaderUIView.swift in Sources */ = {isa = PBXBuildFile; fileRef = 879F138328A95663003EFFA0 /* HeroHeaderUIView.swift */; };
		87A2856428D4E7C00067B7BA /* UpcomingViewController + DataSource.swift in Sources */ = {isa = PBXBuildFile; fileRef = 87A2856328D4E7C00067B7BA /* UpcomingViewController + DataSource.swift */; };
		87AA352328D750150037500E /* SearchViewController + DataSourse.swift in Sources */ = {isa = PBXBuildFile; fileRef = 87AA352228D750150037500E /* SearchViewController + DataSourse.swift */; };
		9570533428EEF673005FAD27 /* UIColor Extensions.swift in Sources */ = {isa = PBXBuildFile; fileRef = 9570533328EEF673005FAD27 /* UIColor Extensions.swift */; };
		9570D80C28EB6BDF004D2EE4 /* CoreDataManager.swift in Sources */ = {isa = PBXBuildFile; fileRef = 9570D80B28EB6BDF004D2EE4 /* CoreDataManager.swift */; };
		957AC91028E9E62300D4B37D /* MovieDetailsViewController.swift in Sources */ = {isa = PBXBuildFile; fileRef = 957AC90F28E9E62300D4B37D /* MovieDetailsViewController.swift */; };
		957AC91228E9EBDE00D4B37D /* MovieDetailsModel.swift in Sources */ = {isa = PBXBuildFile; fileRef = 957AC91128E9EBDE00D4B37D /* MovieDetailsModel.swift */; };
		9588445928E3799100C2924A /* SearchResultViewController.swift in Sources */ = {isa = PBXBuildFile; fileRef = 9588445828E3799100C2924A /* SearchResultViewController.swift */; };
		959948262905945400B32787 /* RegistrationViewController.swift in Sources */ = {isa = PBXBuildFile; fileRef = 959948252905945400B32787 /* RegistrationViewController.swift */; };
		959948282905949700B32787 /* LoginCoordinator.swift in Sources */ = {isa = PBXBuildFile; fileRef = 959948272905949700B32787 /* LoginCoordinator.swift */; };
		9599482B290594CB00B32787 /* TabPage.swift in Sources */ = {isa = PBXBuildFile; fileRef = 9599482A290594CB00B32787 /* TabPage.swift */; };
		9599482E2905951E00B32787 /* TabBarCoordinator.swift in Sources */ = {isa = PBXBuildFile; fileRef = 9599482D2905951E00B32787 /* TabBarCoordinator.swift */; };
		959948302905956500B32787 /* AppCoordinator.swift in Sources */ = {isa = PBXBuildFile; fileRef = 9599482F2905956500B32787 /* AppCoordinator.swift */; };
		959948322905958D00B32787 /* Coordinator.swift in Sources */ = {isa = PBXBuildFile; fileRef = 959948312905958D00B32787 /* Coordinator.swift */; };
		959C293F28EB5E3400BF3723 /* NetflixCloneModel.xcdatamodeld in Sources */ = {isa = PBXBuildFile; fileRef = 959C293D28EB5E3400BF3723 /* NetflixCloneModel.xcdatamodeld */; };
		95A4C26028E8F54F001F78F5 /* SearchResultViewController + DasaSourse.swift in Sources */ = {isa = PBXBuildFile; fileRef = 95A4C25F28E8F54F001F78F5 /* SearchResultViewController + DasaSourse.swift */; };
		95A4C26328E9B85C001F78F5 /* YouTubeSearchResponse.swift in Sources */ = {isa = PBXBuildFile; fileRef = 95A4C26228E9B85C001F78F5 /* YouTubeSearchResponse.swift */; };
		95DB107428F5AC8B0097EAB0 /* MovieDetails.swift in Sources */ = {isa = PBXBuildFile; fileRef = 95DB107328F5AC8B0097EAB0 /* MovieDetails.swift */; };
		95F1852D28ECADFE001AB496 /* Downloads + DataSourse.swift in Sources */ = {isa = PBXBuildFile; fileRef = 95F1852C28ECADFE001AB496 /* Downloads + DataSourse.swift */; };
		95F677D828F6D7700030D583 /* MovieDetailsViewModel.swift in Sources */ = {isa = PBXBuildFile; fileRef = 95F677D728F6D7700030D583 /* MovieDetailsViewModel.swift */; };
		EE81C3EDA77A24F4D0386400 /* Pods_Netflix_Clone.framework in Frameworks */ = {isa = PBXBuildFile; fileRef = 682421874888814A130EFF7E /* Pods_Netflix_Clone.framework */; };
/* End PBXBuildFile section */

/* Begin PBXFileReference section */
		0499E72B2A03E2380097BA1B /* NetworkReachability.swift */ = {isa = PBXFileReference; lastKnownFileType = sourcecode.swift; path = NetworkReachability.swift; sourceTree = "<group>"; };
		04DA2C312970C5230009920A /* GoogleService-Info.plist */ = {isa = PBXFileReference; fileEncoding = 4; lastKnownFileType = text.plist.xml; path = "GoogleService-Info.plist"; sourceTree = "<group>"; };
		04DA2C332971B5FE0009920A /* RegistrationViewModel.swift */ = {isa = PBXFileReference; lastKnownFileType = sourcecode.swift; path = RegistrationViewModel.swift; sourceTree = "<group>"; };
		04EAA6FF2986FD5C0026E5EF /* ProfileViewController.swift */ = {isa = PBXFileReference; lastKnownFileType = sourcecode.swift; path = ProfileViewController.swift; sourceTree = "<group>"; };
		04EAA7022987007C0026E5EF /* HomeViewModel.swift */ = {isa = PBXFileReference; lastKnownFileType = sourcecode.swift; path = HomeViewModel.swift; sourceTree = "<group>"; };
		04EAA7062987043D0026E5EF /* UpcommingViewModel.swift */ = {isa = PBXFileReference; lastKnownFileType = sourcecode.swift; path = UpcommingViewModel.swift; sourceTree = "<group>"; };
		04EAA70A298705680026E5EF /* SearchViewModel.swift */ = {isa = PBXFileReference; lastKnownFileType = sourcecode.swift; path = SearchViewModel.swift; sourceTree = "<group>"; };
		04EAA70E2987074F0026E5EF /* DownloadsViewModel.swift */ = {isa = PBXFileReference; lastKnownFileType = sourcecode.swift; path = DownloadsViewModel.swift; sourceTree = "<group>"; };
		682421874888814A130EFF7E /* Pods_Netflix_Clone.framework */ = {isa = PBXFileReference; explicitFileType = wrapper.framework; includeInIndex = 0; path = Pods_Netflix_Clone.framework; sourceTree = BUILT_PRODUCTS_DIR; };
		7214CABB60F86492C1AA358F /* Pods-Netflix Clone.debug.xcconfig */ = {isa = PBXFileReference; includeInIndex = 1; lastKnownFileType = text.xcconfig; name = "Pods-Netflix Clone.debug.xcconfig"; path = "Target Support Files/Pods-Netflix Clone/Pods-Netflix Clone.debug.xcconfig"; sourceTree = "<group>"; };
		873D901B28D628A9007C5CF6 /* UpcomingTableViewCell.swift */ = {isa = PBXFileReference; lastKnownFileType = sourcecode.swift; path = UpcomingTableViewCell.swift; sourceTree = "<group>"; };
		873D901D28D62E1D007C5CF6 /* TitleViewModel.swift */ = {isa = PBXFileReference; lastKnownFileType = sourcecode.swift; path = TitleViewModel.swift; sourceTree = "<group>"; };
		874057B928BD021B0068A07D /* HomeScreenPosterCollectionViewCell.swift */ = {isa = PBXFileReference; lastKnownFileType = sourcecode.swift; path = HomeScreenPosterCollectionViewCell.swift; sourceTree = "<group>"; };
		874991DF28A92A2500F9ED0C /* Netflix Clone.app */ = {isa = PBXFileReference; explicitFileType = wrapper.application; includeInIndex = 0; path = "Netflix Clone.app"; sourceTree = BUILT_PRODUCTS_DIR; };
		874991E228A92A2500F9ED0C /* AppDelegate.swift */ = {isa = PBXFileReference; lastKnownFileType = sourcecode.swift; path = AppDelegate.swift; sourceTree = "<group>"; };
		874991E428A92A2500F9ED0C /* SceneDelegate.swift */ = {isa = PBXFileReference; lastKnownFileType = sourcecode.swift; path = SceneDelegate.swift; sourceTree = "<group>"; };
		874991EB28A92A2800F9ED0C /* Assets.xcassets */ = {isa = PBXFileReference; lastKnownFileType = folder.assetcatalog; path = Assets.xcassets; sourceTree = "<group>"; };
		874991EE28A92A2800F9ED0C /* Base */ = {isa = PBXFileReference; lastKnownFileType = file.storyboard; name = Base; path = Base.lproj/LaunchScreen.storyboard; sourceTree = "<group>"; };
		874991F028A92A2800F9ED0C /* Info.plist */ = {isa = PBXFileReference; lastKnownFileType = text.plist.xml; path = Info.plist; sourceTree = "<group>"; };
		874991F728A9386E00F9ED0C /* HomeViewController.swift */ = {isa = PBXFileReference; lastKnownFileType = sourcecode.swift; path = HomeViewController.swift; sourceTree = "<group>"; };
		874991F928A938BD00F9ED0C /* UpcomingViewController.swift */ = {isa = PBXFileReference; lastKnownFileType = sourcecode.swift; path = UpcomingViewController.swift; sourceTree = "<group>"; };
		874991FB28A938EF00F9ED0C /* SearchViewController.swift */ = {isa = PBXFileReference; lastKnownFileType = sourcecode.swift; path = SearchViewController.swift; sourceTree = "<group>"; };
		874991FD28A9398600F9ED0C /* DownloadsViewController.swift */ = {isa = PBXFileReference; lastKnownFileType = sourcecode.swift; path = DownloadsViewController.swift; sourceTree = "<group>"; };
		878E060D28AC03D80050E555 /* HomeViewController + DataSource.swift */ = {isa = PBXFileReference; lastKnownFileType = sourcecode.swift; path = "HomeViewController + DataSource.swift"; sourceTree = "<group>"; };
		879B35AB28AEBA6700859614 /* NetworkManager.swift */ = {isa = PBXFileReference; lastKnownFileType = sourcecode.swift; path = NetworkManager.swift; sourceTree = "<group>"; };
		879B35AD28AEBDED00859614 /* TitleModel.swift */ = {isa = PBXFileReference; lastKnownFileType = sourcecode.swift; path = TitleModel.swift; sourceTree = "<group>"; };
		879F137F28A94C1B003EFFA0 /* HomeViewTableViewCell.swift */ = {isa = PBXFileReference; lastKnownFileType = sourcecode.swift; path = HomeViewTableViewCell.swift; sourceTree = "<group>"; };
		879F138328A95663003EFFA0 /* HeroHeaderUIView.swift */ = {isa = PBXFileReference; lastKnownFileType = sourcecode.swift; path = HeroHeaderUIView.swift; sourceTree = "<group>"; };
		87A2856328D4E7C00067B7BA /* UpcomingViewController + DataSource.swift */ = {isa = PBXFileReference; lastKnownFileType = sourcecode.swift; path = "UpcomingViewController + DataSource.swift"; sourceTree = "<group>"; };
		87AA352228D750150037500E /* SearchViewController + DataSourse.swift */ = {isa = PBXFileReference; lastKnownFileType = sourcecode.swift; path = "SearchViewController + DataSourse.swift"; sourceTree = "<group>"; };
		9570533328EEF673005FAD27 /* UIColor Extensions.swift */ = {isa = PBXFileReference; lastKnownFileType = sourcecode.swift; path = "UIColor Extensions.swift"; sourceTree = "<group>"; };
		9570D80B28EB6BDF004D2EE4 /* CoreDataManager.swift */ = {isa = PBXFileReference; lastKnownFileType = sourcecode.swift; path = CoreDataManager.swift; sourceTree = "<group>"; };
		957AC90F28E9E62300D4B37D /* MovieDetailsViewController.swift */ = {isa = PBXFileReference; lastKnownFileType = sourcecode.swift; path = MovieDetailsViewController.swift; sourceTree = "<group>"; };
		957AC91128E9EBDE00D4B37D /* MovieDetailsModel.swift */ = {isa = PBXFileReference; lastKnownFileType = sourcecode.swift; path = MovieDetailsModel.swift; sourceTree = "<group>"; };
		9588445828E3799100C2924A /* SearchResultViewController.swift */ = {isa = PBXFileReference; lastKnownFileType = sourcecode.swift; path = SearchResultViewController.swift; sourceTree = "<group>"; };
		959948252905945400B32787 /* RegistrationViewController.swift */ = {isa = PBXFileReference; lastKnownFileType = sourcecode.swift; path = RegistrationViewController.swift; sourceTree = "<group>"; };
		959948272905949700B32787 /* LoginCoordinator.swift */ = {isa = PBXFileReference; lastKnownFileType = sourcecode.swift; path = LoginCoordinator.swift; sourceTree = "<group>"; };
		9599482A290594CB00B32787 /* TabPage.swift */ = {isa = PBXFileReference; lastKnownFileType = sourcecode.swift; path = TabPage.swift; sourceTree = "<group>"; };
		9599482D2905951E00B32787 /* TabBarCoordinator.swift */ = {isa = PBXFileReference; lastKnownFileType = sourcecode.swift; path = TabBarCoordinator.swift; sourceTree = "<group>"; };
		9599482F2905956500B32787 /* AppCoordinator.swift */ = {isa = PBXFileReference; lastKnownFileType = sourcecode.swift; path = AppCoordinator.swift; sourceTree = "<group>"; };
		959948312905958D00B32787 /* Coordinator.swift */ = {isa = PBXFileReference; lastKnownFileType = sourcecode.swift; path = Coordinator.swift; sourceTree = "<group>"; };
		959C293E28EB5E3400BF3723 /* NetflixCloneModel.xcdatamodel */ = {isa = PBXFileReference; lastKnownFileType = wrapper.xcdatamodel; path = NetflixCloneModel.xcdatamodel; sourceTree = "<group>"; };
		95A4C25F28E8F54F001F78F5 /* SearchResultViewController + DasaSourse.swift */ = {isa = PBXFileReference; lastKnownFileType = sourcecode.swift; path = "SearchResultViewController + DasaSourse.swift"; sourceTree = "<group>"; };
		95A4C26228E9B85C001F78F5 /* YouTubeSearchResponse.swift */ = {isa = PBXFileReference; lastKnownFileType = sourcecode.swift; path = YouTubeSearchResponse.swift; sourceTree = "<group>"; };
		95DB107328F5AC8B0097EAB0 /* MovieDetails.swift */ = {isa = PBXFileReference; lastKnownFileType = sourcecode.swift; path = MovieDetails.swift; sourceTree = "<group>"; };
		95F1852C28ECADFE001AB496 /* Downloads + DataSourse.swift */ = {isa = PBXFileReference; lastKnownFileType = sourcecode.swift; path = "Downloads + DataSourse.swift"; sourceTree = "<group>"; };
		95F677D728F6D7700030D583 /* MovieDetailsViewModel.swift */ = {isa = PBXFileReference; lastKnownFileType = sourcecode.swift; path = MovieDetailsViewModel.swift; sourceTree = "<group>"; };
		EAEF61DC1057976CB2BBA23F /* Pods-Netflix Clone.release.xcconfig */ = {isa = PBXFileReference; includeInIndex = 1; lastKnownFileType = text.xcconfig; name = "Pods-Netflix Clone.release.xcconfig"; path = "Target Support Files/Pods-Netflix Clone/Pods-Netflix Clone.release.xcconfig"; sourceTree = "<group>"; };
/* End PBXFileReference section */

/* Begin PBXFrameworksBuildPhase section */
		874991DC28A92A2500F9ED0C /* Frameworks */ = {
			isa = PBXFrameworksBuildPhase;
			buildActionMask = 2147483647;
			files = (
				EE81C3EDA77A24F4D0386400 /* Pods_Netflix_Clone.framework in Frameworks */,
				049C99FE29FF041C00EA5C23 /* ColorKit in Frameworks */,
			);
			runOnlyForDeploymentPostprocessing = 0;
		};
/* End PBXFrameworksBuildPhase section */

/* Begin PBXGroup section */
		0499E72D2A03E2780097BA1B /* NetworkReachability */ = {
			isa = PBXGroup;
			children = (
				0499E72B2A03E2380097BA1B /* NetworkReachability.swift */,
			);
			path = NetworkReachability;
			sourceTree = "<group>";
		};
		04EAA7012986FD600026E5EF /* Profile */ = {
			isa = PBXGroup;
			children = (
				04EAA6FF2986FD5C0026E5EF /* ProfileViewController.swift */,
			);
			path = Profile;
			sourceTree = "<group>";
		};
		04EAA704298700850026E5EF /* ViewModel */ = {
			isa = PBXGroup;
			children = (
				04EAA7022987007C0026E5EF /* HomeViewModel.swift */,
			);
			path = ViewModel;
			sourceTree = "<group>";
		};
		04EAA705298703910026E5EF /* Model */ = {
			isa = PBXGroup;
			children = (
				873D901D28D62E1D007C5CF6 /* TitleViewModel.swift */,
			);
			path = Model;
			sourceTree = "<group>";
		};
		04EAA708298704BF0026E5EF /* ViewModel */ = {
			isa = PBXGroup;
			children = (
				04EAA7062987043D0026E5EF /* UpcommingViewModel.swift */,
			);
			path = ViewModel;
			sourceTree = "<group>";
		};
		04EAA709298705350026E5EF /* View */ = {
			isa = PBXGroup;
			children = (
				874991FB28A938EF00F9ED0C /* SearchViewController.swift */,
				87AA352228D750150037500E /* SearchViewController + DataSourse.swift */,
				04EAA70C298705800026E5EF /* ViewModel */,
			);
			path = View;
			sourceTree = "<group>";
		};
		04EAA70C298705800026E5EF /* ViewModel */ = {
			isa = PBXGroup;
			children = (
				04EAA70A298705680026E5EF /* SearchViewModel.swift */,
			);
			path = ViewModel;
			sourceTree = "<group>";
		};
		04EAA70D2987073B0026E5EF /* View */ = {
			isa = PBXGroup;
			children = (
				874991FD28A9398600F9ED0C /* DownloadsViewController.swift */,
				95F1852C28ECADFE001AB496 /* Downloads + DataSourse.swift */,
			);
			path = View;
			sourceTree = "<group>";
		};
		04EAA710298708960026E5EF /* ViewModel */ = {
			isa = PBXGroup;
			children = (
				04EAA70E2987074F0026E5EF /* DownloadsViewModel.swift */,
			);
			path = ViewModel;
			sourceTree = "<group>";
		};
		04EAA711298708B60026E5EF /* View */ = {
			isa = PBXGroup;
			children = (
				957AC90F28E9E62300D4B37D /* MovieDetailsViewController.swift */,
			);
			path = View;
			sourceTree = "<group>";
		};
		04EAA712298708BB0026E5EF /* ViewModel */ = {
			isa = PBXGroup;
			children = (
				95F677D728F6D7700030D583 /* MovieDetailsViewModel.swift */,
			);
			path = ViewModel;
			sourceTree = "<group>";
		};
		04EAA713298708C10026E5EF /* Model */ = {
			isa = PBXGroup;
			children = (
				957AC91128E9EBDE00D4B37D /* MovieDetailsModel.swift */,
			);
			path = Model;
			sourceTree = "<group>";
		};
		7B7F6A5CCC92BA034C7F4DD9 /* Frameworks */ = {
			isa = PBXGroup;
			children = (
				682421874888814A130EFF7E /* Pods_Netflix_Clone.framework */,
			);
			name = Frameworks;
			sourceTree = "<group>";
		};
		8618BA669FFC8DABFEA4894E /* Pods */ = {
			isa = PBXGroup;
			children = (
				7214CABB60F86492C1AA358F /* Pods-Netflix Clone.debug.xcconfig */,
				EAEF61DC1057976CB2BBA23F /* Pods-Netflix Clone.release.xcconfig */,
			);
			path = Pods;
			sourceTree = "<group>";
		};
		874991D628A92A2500F9ED0C = {
			isa = PBXGroup;
			children = (
				874991E128A92A2500F9ED0C /* Netflix Clone */,
				874991E028A92A2500F9ED0C /* Products */,
				8618BA669FFC8DABFEA4894E /* Pods */,
				7B7F6A5CCC92BA034C7F4DD9 /* Frameworks */,
			);
			sourceTree = "<group>";
		};
		874991E028A92A2500F9ED0C /* Products */ = {
			isa = PBXGroup;
			children = (
				874991DF28A92A2500F9ED0C /* Netflix Clone.app */,
			);
			name = Products;
			sourceTree = "<group>";
		};
		874991E128A92A2500F9ED0C /* Netflix Clone */ = {
			isa = PBXGroup;
			children = (
				95F1852E28ECBCAA001AB496 /* Application */,
				95F1852F28ECBDB5001AB496 /* Extensions */,
				9570533228EEF61D005FAD27 /* Managers */,
				874991F628A9384800F9ED0C /* Flows */,
			);
			path = "Netflix Clone";
			sourceTree = "<group>";
		};
		874991F628A9384800F9ED0C /* Flows */ = {
			isa = PBXGroup;
			children = (
				95994829290594AF00B32787 /* Login */,
				879F137B28A94B92003EFFA0 /* Home */,
				879F137C28A94BA1003EFFA0 /* Upcoming */,
				879F137D28A94BB1003EFFA0 /* Search */,
				879F137E28A94BBC003EFFA0 /* Downloads */,
				957AC91328E9EC3800D4B37D /* MovieDetails */,
				04EAA7012986FD600026E5EF /* Profile */,
			);
			path = Flows;
			sourceTree = "<group>";
		};
		879F137928A946E2003EFFA0 /* Resources */ = {
			isa = PBXGroup;
			children = (
				959C293D28EB5E3400BF3723 /* NetflixCloneModel.xcdatamodeld */,
				04DA2C312970C5230009920A /* GoogleService-Info.plist */,
				874991F028A92A2800F9ED0C /* Info.plist */,
				874991EB28A92A2800F9ED0C /* Assets.xcassets */,
				874991ED28A92A2800F9ED0C /* LaunchScreen.storyboard */,
			);
			path = Resources;
			sourceTree = "<group>";
		};
		879F137A28A946F0003EFFA0 /* Network Manager */ = {
			isa = PBXGroup;
			children = (
				0499E72D2A03E2780097BA1B /* NetworkReachability */,
				95F1853128ECBED6001AB496 /* Logic */,
				95F1853228ECBEE3001AB496 /* Model */,
			);
			path = "Network Manager";
			sourceTree = "<group>";
		};
		879F137B28A94B92003EFFA0 /* Home */ = {
			isa = PBXGroup;
			children = (
				879F138228A94C30003EFFA0 /* View */,
				04EAA704298700850026E5EF /* ViewModel */,
				04EAA705298703910026E5EF /* Model */,
			);
			path = Home;
			sourceTree = "<group>";
		};
		879F137C28A94BA1003EFFA0 /* Upcoming */ = {
			isa = PBXGroup;
			children = (
				87A2856228D4E7910067B7BA /* View */,
				04EAA708298704BF0026E5EF /* ViewModel */,
			);
			path = Upcoming;
			sourceTree = "<group>";
		};
		879F137D28A94BB1003EFFA0 /* Search */ = {
			isa = PBXGroup;
			children = (
				04EAA709298705350026E5EF /* View */,
				95A4C26128E8F910001F78F5 /* Result */,
			);
			path = Search;
			sourceTree = "<group>";
		};
		879F137E28A94BBC003EFFA0 /* Downloads */ = {
			isa = PBXGroup;
			children = (
				04EAA70D2987073B0026E5EF /* View */,
				04EAA710298708960026E5EF /* ViewModel */,
			);
			path = Downloads;
			sourceTree = "<group>";
		};
		879F138228A94C30003EFFA0 /* View */ = {
			isa = PBXGroup;
			children = (
				874991F728A9386E00F9ED0C /* HomeViewController.swift */,
				878E060D28AC03D80050E555 /* HomeViewController + DataSource.swift */,
				879F138328A95663003EFFA0 /* HeroHeaderUIView.swift */,
				874057B928BD021B0068A07D /* HomeScreenPosterCollectionViewCell.swift */,
				879F137F28A94C1B003EFFA0 /* HomeViewTableViewCell.swift */,
			);
			path = View;
			sourceTree = "<group>";
		};
		87A2856228D4E7910067B7BA /* View */ = {
			isa = PBXGroup;
			children = (
				874991F928A938BD00F9ED0C /* UpcomingViewController.swift */,
				87A2856328D4E7C00067B7BA /* UpcomingViewController + DataSource.swift */,
				873D901B28D628A9007C5CF6 /* UpcomingTableViewCell.swift */,
			);
			path = View;
			sourceTree = "<group>";
		};
		9570533228EEF61D005FAD27 /* Managers */ = {
			isa = PBXGroup;
			children = (
				9599482C290594D300B32787 /* Coordiantors */,
				879F137A28A946F0003EFFA0 /* Network Manager */,
				95F1853028ECBEC8001AB496 /* Core Data */,
			);
			path = Managers;
			sourceTree = "<group>";
		};
		957AC91328E9EC3800D4B37D /* MovieDetails */ = {
			isa = PBXGroup;
			children = (
				04EAA711298708B60026E5EF /* View */,
				04EAA712298708BB0026E5EF /* ViewModel */,
				04EAA713298708C10026E5EF /* Model */,
			);
			path = MovieDetails;
			sourceTree = "<group>";
		};
		95994829290594AF00B32787 /* Login */ = {
			isa = PBXGroup;
			children = (
				959948252905945400B32787 /* RegistrationViewController.swift */,
				04DA2C332971B5FE0009920A /* RegistrationViewModel.swift */,
			);
			path = Login;
			sourceTree = "<group>";
		};
		9599482C290594D300B32787 /* Coordiantors */ = {
			isa = PBXGroup;
			children = (
				9599482F2905956500B32787 /* AppCoordinator.swift */,
				9599482A290594CB00B32787 /* TabPage.swift */,
				959948272905949700B32787 /* LoginCoordinator.swift */,
				9599482D2905951E00B32787 /* TabBarCoordinator.swift */,
				959948312905958D00B32787 /* Coordinator.swift */,
			);
			path = Coordiantors;
			sourceTree = "<group>";
		};
		95A4C26128E8F910001F78F5 /* Result */ = {
			isa = PBXGroup;
			children = (
				9588445828E3799100C2924A /* SearchResultViewController.swift */,
				95A4C25F28E8F54F001F78F5 /* SearchResultViewController + DasaSourse.swift */,
			);
			path = Result;
			sourceTree = "<group>";
		};
		95F1852E28ECBCAA001AB496 /* Application */ = {
			isa = PBXGroup;
			children = (
				874991E228A92A2500F9ED0C /* AppDelegate.swift */,
				874991E428A92A2500F9ED0C /* SceneDelegate.swift */,
				879F137928A946E2003EFFA0 /* Resources */,
			);
			path = Application;
			sourceTree = "<group>";
		};
		95F1852F28ECBDB5001AB496 /* Extensions */ = {
			isa = PBXGroup;
			children = (
				9570533328EEF673005FAD27 /* UIColor Extensions.swift */,
			);
			path = Extensions;
			sourceTree = "<group>";
		};
		95F1853028ECBEC8001AB496 /* Core Data */ = {
			isa = PBXGroup;
			children = (
				9570D80B28EB6BDF004D2EE4 /* CoreDataManager.swift */,
			);
			path = "Core Data";
			sourceTree = "<group>";
		};
		95F1853128ECBED6001AB496 /* Logic */ = {
			isa = PBXGroup;
			children = (
				879B35AB28AEBA6700859614 /* NetworkManager.swift */,
			);
			path = Logic;
			sourceTree = "<group>";
		};
		95F1853228ECBEE3001AB496 /* Model */ = {
			isa = PBXGroup;
			children = (
				879B35AD28AEBDED00859614 /* TitleModel.swift */,
				95A4C26228E9B85C001F78F5 /* YouTubeSearchResponse.swift */,
				95DB107328F5AC8B0097EAB0 /* MovieDetails.swift */,
			);
			path = Model;
			sourceTree = "<group>";
		};
/* End PBXGroup section */

/* Begin PBXNativeTarget section */
		874991DE28A92A2500F9ED0C /* Netflix Clone */ = {
			isa = PBXNativeTarget;
			buildConfigurationList = 874991F328A92A2800F9ED0C /* Build configuration list for PBXNativeTarget "Netflix Clone" */;
			buildPhases = (
				BC2B3D06DA11DBFE133FF1A3 /* [CP] Check Pods Manifest.lock */,
				874991DB28A92A2500F9ED0C /* Sources */,
				874991DC28A92A2500F9ED0C /* Frameworks */,
				874991DD28A92A2500F9ED0C /* Resources */,
				C2FCCB845DEFA1ED3AB7D7E5 /* [CP] Embed Pods Frameworks */,
			);
			buildRules = (
			);
			dependencies = (
			);
			name = "Netflix Clone";
			packageProductDependencies = (
				049C99FD29FF041C00EA5C23 /* ColorKit */,
			);
			productName = "Netflix Clone";
			productReference = 874991DF28A92A2500F9ED0C /* Netflix Clone.app */;
			productType = "com.apple.product-type.application";
		};
/* End PBXNativeTarget section */

/* Begin PBXProject section */
		874991D728A92A2500F9ED0C /* Project object */ = {
			isa = PBXProject;
			attributes = {
				BuildIndependentTargetsInParallel = 1;
				LastSwiftUpdateCheck = 1340;
				LastUpgradeCheck = 1340;
				TargetAttributes = {
					874991DE28A92A2500F9ED0C = {
						CreatedOnToolsVersion = 13.4.1;
					};
				};
			};
			buildConfigurationList = 874991DA28A92A2500F9ED0C /* Build configuration list for PBXProject "Netflix Clone" */;
			compatibilityVersion = "Xcode 13.0";
			developmentRegion = en;
			hasScannedForEncodings = 0;
			knownRegions = (
				en,
				Base,
			);
			mainGroup = 874991D628A92A2500F9ED0C;
			packageReferences = (
				049C99FC29FF041C00EA5C23 /* XCRemoteSwiftPackageReference "ColorKit" */,
			);
			productRefGroup = 874991E028A92A2500F9ED0C /* Products */;
			projectDirPath = "";
			projectRoot = "";
			targets = (
				874991DE28A92A2500F9ED0C /* Netflix Clone */,
			);
		};
/* End PBXProject section */

/* Begin PBXResourcesBuildPhase section */
		874991DD28A92A2500F9ED0C /* Resources */ = {
			isa = PBXResourcesBuildPhase;
			buildActionMask = 2147483647;
			files = (
				874991EF28A92A2800F9ED0C /* LaunchScreen.storyboard in Resources */,
				874991EC28A92A2800F9ED0C /* Assets.xcassets in Resources */,
				04DA2C322970C5230009920A /* GoogleService-Info.plist in Resources */,
			);
			runOnlyForDeploymentPostprocessing = 0;
		};
/* End PBXResourcesBuildPhase section */

/* Begin PBXShellScriptBuildPhase section */
		BC2B3D06DA11DBFE133FF1A3 /* [CP] Check Pods Manifest.lock */ = {
			isa = PBXShellScriptBuildPhase;
			buildActionMask = 2147483647;
			files = (
			);
			inputFileListPaths = (
			);
			inputPaths = (
				"${PODS_PODFILE_DIR_PATH}/Podfile.lock",
				"${PODS_ROOT}/Manifest.lock",
			);
			name = "[CP] Check Pods Manifest.lock";
			outputFileListPaths = (
			);
			outputPaths = (
				"$(DERIVED_FILE_DIR)/Pods-Netflix Clone-checkManifestLockResult.txt",
			);
			runOnlyForDeploymentPostprocessing = 0;
			shellPath = /bin/sh;
			shellScript = "diff \"${PODS_PODFILE_DIR_PATH}/Podfile.lock\" \"${PODS_ROOT}/Manifest.lock\" > /dev/null\nif [ $? != 0 ] ; then\n    # print error to STDERR\n    echo \"error: The sandbox is not in sync with the Podfile.lock. Run 'pod install' or update your CocoaPods installation.\" >&2\n    exit 1\nfi\n# This output is used by Xcode 'outputs' to avoid re-running this script phase.\necho \"SUCCESS\" > \"${SCRIPT_OUTPUT_FILE_0}\"\n";
			showEnvVarsInLog = 0;
		};
		C2FCCB845DEFA1ED3AB7D7E5 /* [CP] Embed Pods Frameworks */ = {
			isa = PBXShellScriptBuildPhase;
			buildActionMask = 2147483647;
			files = (
			);
			inputFileListPaths = (
				"${PODS_ROOT}/Target Support Files/Pods-Netflix Clone/Pods-Netflix Clone-frameworks-${CONFIGURATION}-input-files.xcfilelist",
			);
			name = "[CP] Embed Pods Frameworks";
			outputFileListPaths = (
				"${PODS_ROOT}/Target Support Files/Pods-Netflix Clone/Pods-Netflix Clone-frameworks-${CONFIGURATION}-output-files.xcfilelist",
			);
			runOnlyForDeploymentPostprocessing = 0;
			shellPath = /bin/sh;
			shellScript = "\"${PODS_ROOT}/Target Support Files/Pods-Netflix Clone/Pods-Netflix Clone-frameworks.sh\"\n";
			showEnvVarsInLog = 0;
		};
/* End PBXShellScriptBuildPhase section */

/* Begin PBXSourcesBuildPhase section */
		874991DB28A92A2500F9ED0C /* Sources */ = {
			isa = PBXSourcesBuildPhase;
			buildActionMask = 2147483647;
			files = (
				879B35AE28AEBDED00859614 /* TitleModel.swift in Sources */,
				874991FC28A938EF00F9ED0C /* SearchViewController.swift in Sources */,
				959948302905956500B32787 /* AppCoordinator.swift in Sources */,
				95F1852D28ECADFE001AB496 /* Downloads + DataSourse.swift in Sources */,
				879F138028A94C1B003EFFA0 /* HomeViewTableViewCell.swift in Sources */,
				879F138428A95663003EFFA0 /* HeroHeaderUIView.swift in Sources */,
				04EAA7072987043D0026E5EF /* UpcommingViewModel.swift in Sources */,
				04EAA7002986FD5C0026E5EF /* ProfileViewController.swift in Sources */,
				874991FE28A9398600F9ED0C /* DownloadsViewController.swift in Sources */,
				874991E328A92A2500F9ED0C /* AppDelegate.swift in Sources */,
				874057BA28BD021B0068A07D /* HomeScreenPosterCollectionViewCell.swift in Sources */,
				04EAA7032987007C0026E5EF /* HomeViewModel.swift in Sources */,
				878E060E28AC03D90050E555 /* HomeViewController + DataSource.swift in Sources */,
				04DA2C342971B5FE0009920A /* RegistrationViewModel.swift in Sources */,
				9599482B290594CB00B32787 /* TabPage.swift in Sources */,
				87AA352328D750150037500E /* SearchViewController + DataSourse.swift in Sources */,
				957AC91028E9E62300D4B37D /* MovieDetailsViewController.swift in Sources */,
				873D901E28D62E1D007C5CF6 /* TitleViewModel.swift in Sources */,
				04EAA70B298705680026E5EF /* SearchViewModel.swift in Sources */,
				87A2856428D4E7C00067B7BA /* UpcomingViewController + DataSource.swift in Sources */,
				959948282905949700B32787 /* LoginCoordinator.swift in Sources */,
				9599482E2905951E00B32787 /* TabBarCoordinator.swift in Sources */,
				95F677D828F6D7700030D583 /* MovieDetailsViewModel.swift in Sources */,
				95DB107428F5AC8B0097EAB0 /* MovieDetails.swift in Sources */,
				95A4C26028E8F54F001F78F5 /* SearchResultViewController + DasaSourse.swift in Sources */,
				959948262905945400B32787 /* RegistrationViewController.swift in Sources */,
				873D901C28D628AA007C5CF6 /* UpcomingTableViewCell.swift in Sources */,
				874991E528A92A2500F9ED0C /* SceneDelegate.swift in Sources */,
				879B35AC28AEBA6700859614 /* NetworkManager.swift in Sources */,
				9570D80C28EB6BDF004D2EE4 /* CoreDataManager.swift in Sources */,
				959948322905958D00B32787 /* Coordinator.swift in Sources */,
				9570533428EEF673005FAD27 /* UIColor Extensions.swift in Sources */,
				959C293F28EB5E3400BF3723 /* NetflixCloneModel.xcdatamodeld in Sources */,
				04EAA70F2987074F0026E5EF /* DownloadsViewModel.swift in Sources */,
				874991FA28A938BD00F9ED0C /* UpcomingViewController.swift in Sources */,
				9588445928E3799100C2924A /* SearchResultViewController.swift in Sources */,
				957AC91228E9EBDE00D4B37D /* MovieDetailsModel.swift in Sources */,
				95A4C26328E9B85C001F78F5 /* YouTubeSearchResponse.swift in Sources */,
				874991F828A9386E00F9ED0C /* HomeViewController.swift in Sources */,
				0499E72C2A03E2380097BA1B /* NetworkReachability.swift in Sources */,
			);
			runOnlyForDeploymentPostprocessing = 0;
		};
/* End PBXSourcesBuildPhase section */

/* Begin PBXVariantGroup section */
		874991ED28A92A2800F9ED0C /* LaunchScreen.storyboard */ = {
			isa = PBXVariantGroup;
			children = (
				874991EE28A92A2800F9ED0C /* Base */,
			);
			name = LaunchScreen.storyboard;
			sourceTree = "<group>";
		};
/* End PBXVariantGroup section */

/* Begin XCBuildConfiguration section */
		874991F128A92A2800F9ED0C /* Debug */ = {
			isa = XCBuildConfiguration;
			buildSettings = {
				ALWAYS_SEARCH_USER_PATHS = NO;
				CLANG_ANALYZER_NONNULL = YES;
				CLANG_ANALYZER_NUMBER_OBJECT_CONVERSION = YES_AGGRESSIVE;
				CLANG_CXX_LANGUAGE_STANDARD = "gnu++17";
				CLANG_ENABLE_MODULES = YES;
				CLANG_ENABLE_OBJC_ARC = YES;
				CLANG_ENABLE_OBJC_WEAK = YES;
				CLANG_WARN_BLOCK_CAPTURE_AUTORELEASING = YES;
				CLANG_WARN_BOOL_CONVERSION = YES;
				CLANG_WARN_COMMA = YES;
				CLANG_WARN_CONSTANT_CONVERSION = YES;
				CLANG_WARN_DEPRECATED_OBJC_IMPLEMENTATIONS = YES;
				CLANG_WARN_DIRECT_OBJC_ISA_USAGE = YES_ERROR;
				CLANG_WARN_DOCUMENTATION_COMMENTS = YES;
				CLANG_WARN_EMPTY_BODY = YES;
				CLANG_WARN_ENUM_CONVERSION = YES;
				CLANG_WARN_INFINITE_RECURSION = YES;
				CLANG_WARN_INT_CONVERSION = YES;
				CLANG_WARN_NON_LITERAL_NULL_CONVERSION = YES;
				CLANG_WARN_OBJC_IMPLICIT_RETAIN_SELF = YES;
				CLANG_WARN_OBJC_LITERAL_CONVERSION = YES;
				CLANG_WARN_OBJC_ROOT_CLASS = YES_ERROR;
				CLANG_WARN_QUOTED_INCLUDE_IN_FRAMEWORK_HEADER = YES;
				CLANG_WARN_RANGE_LOOP_ANALYSIS = YES;
				CLANG_WARN_STRICT_PROTOTYPES = YES;
				CLANG_WARN_SUSPICIOUS_MOVE = YES;
				CLANG_WARN_UNGUARDED_AVAILABILITY = YES_AGGRESSIVE;
				CLANG_WARN_UNREACHABLE_CODE = YES;
				CLANG_WARN__DUPLICATE_METHOD_MATCH = YES;
				COPY_PHASE_STRIP = NO;
				DEBUG_INFORMATION_FORMAT = dwarf;
				ENABLE_STRICT_OBJC_MSGSEND = YES;
				ENABLE_TESTABILITY = YES;
				GCC_C_LANGUAGE_STANDARD = gnu11;
				GCC_DYNAMIC_NO_PIC = NO;
				GCC_NO_COMMON_BLOCKS = YES;
				GCC_OPTIMIZATION_LEVEL = 0;
				GCC_PREPROCESSOR_DEFINITIONS = (
					"DEBUG=1",
					"$(inherited)",
				);
				GCC_WARN_64_TO_32_BIT_CONVERSION = YES;
				GCC_WARN_ABOUT_RETURN_TYPE = YES_ERROR;
				GCC_WARN_UNDECLARED_SELECTOR = YES;
				GCC_WARN_UNINITIALIZED_AUTOS = YES_AGGRESSIVE;
				GCC_WARN_UNUSED_FUNCTION = YES;
				GCC_WARN_UNUSED_VARIABLE = YES;
				IPHONEOS_DEPLOYMENT_TARGET = 15.5;
				MTL_ENABLE_DEBUG_INFO = INCLUDE_SOURCE;
				MTL_FAST_MATH = YES;
				ONLY_ACTIVE_ARCH = YES;
				SDKROOT = iphoneos;
				SWIFT_ACTIVE_COMPILATION_CONDITIONS = DEBUG;
				SWIFT_OPTIMIZATION_LEVEL = "-Onone";
			};
			name = Debug;
		};
		874991F228A92A2800F9ED0C /* Release */ = {
			isa = XCBuildConfiguration;
			buildSettings = {
				ALWAYS_SEARCH_USER_PATHS = NO;
				CLANG_ANALYZER_NONNULL = YES;
				CLANG_ANALYZER_NUMBER_OBJECT_CONVERSION = YES_AGGRESSIVE;
				CLANG_CXX_LANGUAGE_STANDARD = "gnu++17";
				CLANG_ENABLE_MODULES = YES;
				CLANG_ENABLE_OBJC_ARC = YES;
				CLANG_ENABLE_OBJC_WEAK = YES;
				CLANG_WARN_BLOCK_CAPTURE_AUTORELEASING = YES;
				CLANG_WARN_BOOL_CONVERSION = YES;
				CLANG_WARN_COMMA = YES;
				CLANG_WARN_CONSTANT_CONVERSION = YES;
				CLANG_WARN_DEPRECATED_OBJC_IMPLEMENTATIONS = YES;
				CLANG_WARN_DIRECT_OBJC_ISA_USAGE = YES_ERROR;
				CLANG_WARN_DOCUMENTATION_COMMENTS = YES;
				CLANG_WARN_EMPTY_BODY = YES;
				CLANG_WARN_ENUM_CONVERSION = YES;
				CLANG_WARN_INFINITE_RECURSION = YES;
				CLANG_WARN_INT_CONVERSION = YES;
				CLANG_WARN_NON_LITERAL_NULL_CONVERSION = YES;
				CLANG_WARN_OBJC_IMPLICIT_RETAIN_SELF = YES;
				CLANG_WARN_OBJC_LITERAL_CONVERSION = YES;
				CLANG_WARN_OBJC_ROOT_CLASS = YES_ERROR;
				CLANG_WARN_QUOTED_INCLUDE_IN_FRAMEWORK_HEADER = YES;
				CLANG_WARN_RANGE_LOOP_ANALYSIS = YES;
				CLANG_WARN_STRICT_PROTOTYPES = YES;
				CLANG_WARN_SUSPICIOUS_MOVE = YES;
				CLANG_WARN_UNGUARDED_AVAILABILITY = YES_AGGRESSIVE;
				CLANG_WARN_UNREACHABLE_CODE = YES;
				CLANG_WARN__DUPLICATE_METHOD_MATCH = YES;
				COPY_PHASE_STRIP = NO;
				DEBUG_INFORMATION_FORMAT = "dwarf-with-dsym";
				ENABLE_NS_ASSERTIONS = NO;
				ENABLE_STRICT_OBJC_MSGSEND = YES;
				GCC_C_LANGUAGE_STANDARD = gnu11;
				GCC_NO_COMMON_BLOCKS = YES;
				GCC_WARN_64_TO_32_BIT_CONVERSION = YES;
				GCC_WARN_ABOUT_RETURN_TYPE = YES_ERROR;
				GCC_WARN_UNDECLARED_SELECTOR = YES;
				GCC_WARN_UNINITIALIZED_AUTOS = YES_AGGRESSIVE;
				GCC_WARN_UNUSED_FUNCTION = YES;
				GCC_WARN_UNUSED_VARIABLE = YES;
				IPHONEOS_DEPLOYMENT_TARGET = 15.5;
				MTL_ENABLE_DEBUG_INFO = NO;
				MTL_FAST_MATH = YES;
				SDKROOT = iphoneos;
				SWIFT_COMPILATION_MODE = wholemodule;
				SWIFT_OPTIMIZATION_LEVEL = "-O";
				VALIDATE_PRODUCT = YES;
			};
			name = Release;
		};
		874991F428A92A2800F9ED0C /* Debug */ = {
			isa = XCBuildConfiguration;
			baseConfigurationReference = 7214CABB60F86492C1AA358F /* Pods-Netflix Clone.debug.xcconfig */;
			buildSettings = {
				ASSETCATALOG_COMPILER_APPICON_NAME = AppIcon;
				ASSETCATALOG_COMPILER_GLOBAL_ACCENT_COLOR_NAME = AccentColor;
				CODE_SIGN_IDENTITY = "Apple Development";
				CODE_SIGN_STYLE = Automatic;
				CURRENT_PROJECT_VERSION = 1;
				DEVELOPMENT_TEAM = X9LNK3JW8C;
				GENERATE_INFOPLIST_FILE = YES;
				INFOPLIST_FILE = "Netflix Clone/Application/Resources/Info.plist";
				INFOPLIST_KEY_UIApplicationSupportsIndirectInputEvents = YES;
				INFOPLIST_KEY_UILaunchStoryboardName = LaunchScreen;
				INFOPLIST_KEY_UISupportedInterfaceOrientations_iPad = "UIInterfaceOrientationPortrait UIInterfaceOrientationPortraitUpsideDown UIInterfaceOrientationLandscapeLeft UIInterfaceOrientationLandscapeRight";
				INFOPLIST_KEY_UISupportedInterfaceOrientations_iPhone = "UIInterfaceOrientationPortrait UIInterfaceOrientationLandscapeLeft UIInterfaceOrientationLandscapeRight";
				IPHONEOS_DEPLOYMENT_TARGET = 16.2;
				LD_RUNPATH_SEARCH_PATHS = (
					"$(inherited)",
					"@executable_path/Frameworks",
				);
				MARKETING_VERSION = 1.0;
				PRODUCT_BUNDLE_IDENTIFIER = "yesip.Netflix-Clone";
				PRODUCT_NAME = "$(TARGET_NAME)";
				PROVISIONING_PROFILE_SPECIFIER = "";
				SWIFT_EMIT_LOC_STRINGS = YES;
				SWIFT_VERSION = 5.0;
				TARGETED_DEVICE_FAMILY = "1,2";
			};
			name = Debug;
		};
		874991F528A92A2800F9ED0C /* Release */ = {
			isa = XCBuildConfiguration;
			baseConfigurationReference = EAEF61DC1057976CB2BBA23F /* Pods-Netflix Clone.release.xcconfig */;
			buildSettings = {
				ASSETCATALOG_COMPILER_APPICON_NAME = AppIcon;
				ASSETCATALOG_COMPILER_GLOBAL_ACCENT_COLOR_NAME = AccentColor;
				CODE_SIGN_IDENTITY = "Apple Development";
				CODE_SIGN_STYLE = Automatic;
				CURRENT_PROJECT_VERSION = 1;
				DEVELOPMENT_TEAM = X9LNK3JW8C;
				GENERATE_INFOPLIST_FILE = YES;
				INFOPLIST_FILE = "Netflix Clone/Application/Resources/Info.plist";
				INFOPLIST_KEY_UIApplicationSupportsIndirectInputEvents = YES;
				INFOPLIST_KEY_UILaunchStoryboardName = LaunchScreen;
				INFOPLIST_KEY_UISupportedInterfaceOrientations_iPad = "UIInterfaceOrientationPortrait UIInterfaceOrientationPortraitUpsideDown UIInterfaceOrientationLandscapeLeft UIInterfaceOrientationLandscapeRight";
				INFOPLIST_KEY_UISupportedInterfaceOrientations_iPhone = "UIInterfaceOrientationPortrait UIInterfaceOrientationLandscapeLeft UIInterfaceOrientationLandscapeRight";
				IPHONEOS_DEPLOYMENT_TARGET = 16.2;
				LD_RUNPATH_SEARCH_PATHS = (
					"$(inherited)",
					"@executable_path/Frameworks",
				);
				MARKETING_VERSION = 1.0;
				PRODUCT_BUNDLE_IDENTIFIER = "yesip.Netflix-Clone";
				PRODUCT_NAME = "$(TARGET_NAME)";
				PROVISIONING_PROFILE_SPECIFIER = "";
				SWIFT_EMIT_LOC_STRINGS = YES;
				SWIFT_VERSION = 5.0;
				TARGETED_DEVICE_FAMILY = "1,2";
			};
			name = Release;
		};
/* End XCBuildConfiguration section */

/* Begin XCConfigurationList section */
		874991DA28A92A2500F9ED0C /* Build configuration list for PBXProject "Netflix Clone" */ = {
			isa = XCConfigurationList;
			buildConfigurations = (
				874991F128A92A2800F9ED0C /* Debug */,
				874991F228A92A2800F9ED0C /* Release */,
			);
			defaultConfigurationIsVisible = 0;
			defaultConfigurationName = Release;
		};
		874991F328A92A2800F9ED0C /* Build configuration list for PBXNativeTarget "Netflix Clone" */ = {
			isa = XCConfigurationList;
			buildConfigurations = (
				874991F428A92A2800F9ED0C /* Debug */,
				874991F528A92A2800F9ED0C /* Release */,
			);
			defaultConfigurationIsVisible = 0;
			defaultConfigurationName = Release;
		};
/* End XCConfigurationList section */

/* Begin XCRemoteSwiftPackageReference section */
		049C99FC29FF041C00EA5C23 /* XCRemoteSwiftPackageReference "ColorKit" */ = {
			isa = XCRemoteSwiftPackageReference;
			repositoryURL = "https://github.com/Boris-Em/ColorKit.git";
			requirement = {
				branch = master;
				kind = branch;
			};
		};
/* End XCRemoteSwiftPackageReference section */

/* Begin XCSwiftPackageProductDependency section */
		049C99FD29FF041C00EA5C23 /* ColorKit */ = {
			isa = XCSwiftPackageProductDependency;
			package = 049C99FC29FF041C00EA5C23 /* XCRemoteSwiftPackageReference "ColorKit" */;
			productName = ColorKit;
		};
/* End XCSwiftPackageProductDependency section */

/* Begin XCVersionGroup section */
		959C293D28EB5E3400BF3723 /* NetflixCloneModel.xcdatamodeld */ = {
			isa = XCVersionGroup;
			children = (
				959C293E28EB5E3400BF3723 /* NetflixCloneModel.xcdatamodel */,
			);
			currentVersion = 959C293E28EB5E3400BF3723 /* NetflixCloneModel.xcdatamodel */;
			path = NetflixCloneModel.xcdatamodeld;
			sourceTree = "<group>";
			versionGroupType = wrapper.xcdatamodel;
		};
/* End XCVersionGroup section */
	};
	rootObject = 874991D728A92A2500F9ED0C /* Project object */;
}
